
Microsoft Visual Studio Solution File, Format Version 12.00
Project("{FAE04EC0-301F-11D3-BF4B-00C04F79EFBC}") = "KeyScripter", "KeyScripter\KeyScripter.csproj", "{B83F0732-649D-431E-BA80-1B7BD36DF2CF}"
EndProject
Project("{FAE04EC0-301F-11D3-BF4B-00C04F79EFBC}") = "KeyScripterTests", "KeyScripterTests\KeyScripterTests.csproj", "{2891F396-73A6-4EED-AF92-E42A8F2639A6}"
EndProject
Global
	GlobalSection(SolutionConfigurationPlatforms) = preSolution
		Debug|Any CPU = Debug|Any CPU
		Release|Any CPU = Release|Any CPU
	EndGlobalSection
	GlobalSection(ProjectConfigurationPlatforms) = postSolution
		{B83F0732-649D-431E-BA80-1B7BD36DF2CF}.Debug|Any CPU.ActiveCfg = Debug|Any CPU
		{B83F0732-649D-431E-BA80-1B7BD36DF2CF}.Debug|Any CPU.Build.0 = Debug|Any CPU
		{B83F0732-649D-431E-BA80-1B7BD36DF2CF}.Release|Any CPU.ActiveCfg = Release|Any CPU
		{B83F0732-649D-431E-BA80-1B7BD36DF2CF}.Release|Any CPU.Build.0 = Release|Any CPU
		{2891F396-73A6-4EED-AF92-E42A8F2639A6}.Debug|Any CPU.ActiveCfg = Debug|Any CPU
		{2891F396-73A6-4EED-AF92-E42A8F2639A6}.Debug|Any CPU.Build.0 = Debug|Any CPU
		{2891F396-73A6-4EED-AF92-E42A8F2639A6}.Release|Any CPU.ActiveCfg = Release|Any CPU
		{2891F396-73A6-4EED-AF92-E42A8F2639A6}.Release|Any CPU.Build.0 = Release|Any CPU
	EndGlobalSection
EndGlobal
